
Microsoft Visual Studio Solution File, Format Version 12.00
# Visual Studio Version 17
VisualStudioVersion = 17.5.33414.496
MinimumVisualStudioVersion = 10.0.40219.1
Project("{FAE04EC0-301F-11D3-BF4B-00C04F79EFBC}") = "Exercicio01_OP_Booleanos", "Exercicio01_OP_Booleanos.csproj", "{E514EC62-9315-46BB-8263-EAB6CAA631BC}"
EndProject
Global
	GlobalSection(SolutionConfigurationPlatforms) = preSolution
		Debug|Any CPU = Debug|Any CPU
		Release|Any CPU = Release|Any CPU
	EndGlobalSection
	GlobalSection(ProjectConfigurationPlatforms) = postSolution
		{E514EC62-9315-46BB-8263-EAB6CAA631BC}.Debug|Any CPU.ActiveCfg = Debug|Any CPU
		{E514EC62-9315-46BB-8263-EAB6CAA631BC}.Debug|Any CPU.Build.0 = Debug|Any CPU
		{E514EC62-9315-46BB-8263-EAB6CAA631BC}.Release|Any CPU.ActiveCfg = Release|Any CPU
		{E514EC62-9315-46BB-8263-EAB6CAA631BC}.Release|Any CPU.Build.0 = Release|Any CPU
	EndGlobalSection
	GlobalSection(SolutionProperties) = preSolution
		HideSolutionNode = FALSE
	EndGlobalSection
	GlobalSection(ExtensibilityGlobals) = postSolution
		SolutionGuid = {1F819A74-E3AC-4309-A9C6-06D7880A7B1E}
	EndGlobalSection
EndGlobal
